
Microsoft Visual Studio Solution File, Format Version 12.00
# Visual Studio Version 17
VisualStudioVersion = 17.7.34024.191
MinimumVisualStudioVersion = 10.0.40219.1
Project("{9A19103F-16F7-4668-BE54-9A1E7A4F7556}") = "BacktestConsole", "BacktestConsole\BacktestConsole.csproj", "{869C5617-4A7B-4CD9-B9E9-807071695FDF}"
EndProject
Global
	GlobalSection(SolutionConfigurationPlatforms) = preSolution
		Debug|Any CPU = Debug|Any CPU
		Debug|x64 = Debug|x64
		Release|Any CPU = Release|Any CPU
		Release|x64 = Release|x64
	EndGlobalSection
	GlobalSection(ProjectConfigurationPlatforms) = postSolution
		{869C5617-4A7B-4CD9-B9E9-807071695FDF}.Debug|Any CPU.ActiveCfg = Debug|Any CPU
		{869C5617-4A7B-4CD9-B9E9-807071695FDF}.Debug|Any CPU.Build.0 = Debug|Any CPU
		{869C5617-4A7B-4CD9-B9E9-807071695FDF}.Debug|x64.ActiveCfg = Debug|x64
		{869C5617-4A7B-4CD9-B9E9-807071695FDF}.Debug|x64.Build.0 = Debug|x64
		{869C5617-4A7B-4CD9-B9E9-807071695FDF}.Release|Any CPU.ActiveCfg = Release|Any CPU
		{869C5617-4A7B-4CD9-B9E9-807071695FDF}.Release|Any CPU.Build.0 = Release|Any CPU
		{869C5617-4A7B-4CD9-B9E9-807071695FDF}.Release|x64.ActiveCfg = Release|x64
		{869C5617-4A7B-4CD9-B9E9-807071695FDF}.Release|x64.Build.0 = Release|x64
	EndGlobalSection
	GlobalSection(SolutionProperties) = preSolution
		HideSolutionNode = FALSE
	EndGlobalSection
	GlobalSection(ExtensibilityGlobals) = postSolution
		SolutionGuid = {5560346C-0954-415E-8CBB-6D16349E9442}
	EndGlobalSection
EndGlobal
